
Microsoft Visual Studio Solution File, Format Version 12.00
# Visual Studio Version 17
VisualStudioVersion = 17.14.36414.22
MinimumVisualStudioVersion = 10.0.40219.1
Project("{2150E333-8FDC-42A3-9474-1A3956D46DE8}") = "task0", "task0", "{02EA681E-C7D8-13C7-8484-4AC65E1B71E8}"
EndProject
Project("{FAE04EC0-301F-11D3-BF4B-00C04F79EFBC}") = "Tyuiu.PautovaMO.Sprint0.Task0.V0", "Tyuiu.PautovaMO.Sprint0.Task0.V0\Tyuiu.PautovaMO.Sprint0.Task0.V0.csproj", "{F8491961-099E-4CD0-A0F1-35ADDBF3B3C2}"
EndProject
Project("{2150E333-8FDC-42A3-9474-1A3956D46DE8}") = "task1", "task1", "{98FE8D92-8BB1-4E6C-B9BD-B8C22A7CEE2E}"
EndProject
Project("{FAE04EC0-301F-11D3-BF4B-00C04F79EFBC}") = "Tyuiu.PautovaMO.sprint0.task1.V0", "Tyuiu.PautovaMO.sprint0.task1.V0\Tyuiu.PautovaMO.sprint0.task1.V0.csproj", "{86B24A16-E2E5-4D80-901B-50B5A6938845}"
EndProject
Project("{2150E333-8FDC-42A3-9474-1A3956D46DE8}") = "task2", "task2", "{969C3CFB-DAB7-4558-A1BB-B7BF26D0A810}"
EndProject
Project("{FAE04EC0-301F-11D3-BF4B-00C04F79EFBC}") = "Tyuiu.PautovaMO.Sprint0.Task2.V0", "Tyuiu.PautovaMO.Sprint0.Task2.V0\Tyuiu.PautovaMO.Sprint0.Task2.V0.csproj", "{5A3E1CFF-0FE0-4F06-83E0-1876C570ED74}"
EndProject
Project("{FAE04EC0-301F-11D3-BF4B-00C04F79EFBC}") = "Tyuiu.PautovaMO.Sprint0.Task2.V0.Lib", "Tyuiu.PautovaMO.Sprint0.Task2.V0.Lib\Tyuiu.PautovaMO.Sprint0.Task2.V0.Lib.csproj", "{3D89863F-3489-4B75-B5D4-82F67FB5C8BA}"
EndProject
Project("{FAE04EC0-301F-11D3-BF4B-00C04F79EFBC}") = "Tyuiu.PautovaMO.Sprint0.Task2.V0.Test", "Tyuiu.PautovaMO.Sprint0.Task2.V0.Test\Tyuiu.PautovaMO.Sprint0.Task2.V0.Test.csproj", "{4CC60F83-AF21-4EEA-AFF4-E14901303AC1}"
EndProject
Project("{2150E333-8FDC-42A3-9474-1A3956D46DE8}") = "task3", "task3", "{B1E2F58F-64AE-4817-AC79-3CE8580F48C4}"
EndProject
Project("{FAE04EC0-301F-11D3-BF4B-00C04F79EFBC}") = "Tyuiu.PautovaMO.Sprint0.Task3.V0", "Tyuiu.PautovaMO.Sprint0.Task3.V0\Tyuiu.PautovaMO.Sprint0.Task3.V0.csproj", "{7A5BDA54-997F-448B-8E8B-D11445014DF3}"
EndProject
Project("{FAE04EC0-301F-11D3-BF4B-00C04F79EFBC}") = "Tyuiu.PautovaMO.Sprint0.Task3.V0.Lib", "Tyuiu.PautovaMO.Sprint0.Task3.V0.Lib\Tyuiu.PautovaMO.Sprint0.Task3.V0.Lib.csproj", "{8AFA794B-A070-4F61-9942-626EB7EB0BE5}"
EndProject
Project("{FAE04EC0-301F-11D3-BF4B-00C04F79EFBC}") = "Tyuiu.PautovaMO.Sprint0.Task3.V0.Test", "Tuiu.PautovaMO.Sprint0.Task3.V0.Test\Tyuiu.PautovaMO.Sprint0.Task3.V0.Test.csproj", "{5D54E8BC-8619-4B5A-9AFA-8346D032FFCB}"
EndProject
Project("{2150E333-8FDC-42A3-9474-1A3956D46DE8}") = "task4", "task4", "{B25C7E54-39BA-4262-AE3E-F2FC8260C59C}"
EndProject
Project("{FAE04EC0-301F-11D3-BF4B-00C04F79EFBC}") = "Tyuiu.PautovaMO.Sprint0.Task4.V0", "Tyuiu.PautovaMO.Sprint0.Task4.V0\Tyuiu.PautovaMO.Sprint0.Task4.V0.csproj", "{3CA06F60-B112-422B-99AB-FF6F3A1C6F1E}"
EndProject
Project("{FAE04EC0-301F-11D3-BF4B-00C04F79EFBC}") = "Tyuiu.PautovaMO.Sprint0.Task4.V0.Lib", "Tyuiu.PautovaMO.Sprint0.Task4.V0.Lib\Tyuiu.PautovaMO.Sprint0.Task4.V0.Lib.csproj", "{BC403109-F43F-48EC-A4FC-68D647C2F5B4}"
EndProject
Project("{FAE04EC0-301F-11D3-BF4B-00C04F79EFBC}") = "Tyuiu.PautovaMO.Sprint0.Task4.V0.Test", "Tyuiu.PautovaMO.Sprint0.Task4.V0.Test\Tyuiu.PautovaMO.Sprint0.Task4.V0.Test.csproj", "{49CA5C17-9F0E-4D26-A4B4-C284A7FFCD09}"
EndProject
Project("{2150E333-8FDC-42A3-9474-1A3956D46DE8}") = "task5", "task5", "{09B090B5-3041-4739-B3C5-AD3C5A5CE466}"
EndProject
Project("{FAE04EC0-301F-11D3-BF4B-00C04F79EFBC}") = "Tyuiu.PautovaMO.Sprint0.Task5.V0", "Tyuiu.PautovaMO.Sprint0.Task5.V0\Tyuiu.PautovaMO.Sprint0.Task5.V0.csproj", "{5585D746-E799-4B1A-8E70-9C44B88760AD}"
EndProject
Project("{FAE04EC0-301F-11D3-BF4B-00C04F79EFBC}") = "Tyuiu.PautovaMO.Sprint0.Task5.V0.Lib", "Tyuiu.PautovaMO.Sprint0.Task5.V0.Lib\Tyuiu.PautovaMO.Sprint0.Task5.V0.Lib.csproj", "{41261495-4F9F-40A3-B616-917E5413FFD1}"
EndProject
Project("{FAE04EC0-301F-11D3-BF4B-00C04F79EFBC}") = "Tyuiu.PautovaMO.Sprint0.Task5.V0.Test", "Tyuiu.PautovaMO.Sprint0.Task5.V0.Test\Tyuiu.PautovaMO.Sprint0.Task5.V0.Test.csproj", "{8A13662A-9DFC-4DBD-968C-3983CE2B482F}"
EndProject
Global
	GlobalSection(SolutionConfigurationPlatforms) = preSolution
		Debug|Any CPU = Debug|Any CPU
		Release|Any CPU = Release|Any CPU
	EndGlobalSection
	GlobalSection(ProjectConfigurationPlatforms) = postSolution
		{F8491961-099E-4CD0-A0F1-35ADDBF3B3C2}.Debug|Any CPU.ActiveCfg = Debug|Any CPU
		{F8491961-099E-4CD0-A0F1-35ADDBF3B3C2}.Debug|Any CPU.Build.0 = Debug|Any CPU
		{F8491961-099E-4CD0-A0F1-35ADDBF3B3C2}.Release|Any CPU.ActiveCfg = Release|Any CPU
		{F8491961-099E-4CD0-A0F1-35ADDBF3B3C2}.Release|Any CPU.Build.0 = Release|Any CPU
		{86B24A16-E2E5-4D80-901B-50B5A6938845}.Debug|Any CPU.ActiveCfg = Debug|Any CPU
		{86B24A16-E2E5-4D80-901B-50B5A6938845}.Debug|Any CPU.Build.0 = Debug|Any CPU
		{86B24A16-E2E5-4D80-901B-50B5A6938845}.Release|Any CPU.ActiveCfg = Release|Any CPU
		{86B24A16-E2E5-4D80-901B-50B5A6938845}.Release|Any CPU.Build.0 = Release|Any CPU
		{5A3E1CFF-0FE0-4F06-83E0-1876C570ED74}.Debug|Any CPU.ActiveCfg = Debug|Any CPU
		{5A3E1CFF-0FE0-4F06-83E0-1876C570ED74}.Debug|Any CPU.Build.0 = Debug|Any CPU
		{5A3E1CFF-0FE0-4F06-83E0-1876C570ED74}.Release|Any CPU.ActiveCfg = Release|Any CPU
		{5A3E1CFF-0FE0-4F06-83E0-1876C570ED74}.Release|Any CPU.Build.0 = Release|Any CPU
		{3D89863F-3489-4B75-B5D4-82F67FB5C8BA}.Debug|Any CPU.ActiveCfg = Debug|Any CPU
		{3D89863F-3489-4B75-B5D4-82F67FB5C8BA}.Debug|Any CPU.Build.0 = Debug|Any CPU
		{3D89863F-3489-4B75-B5D4-82F67FB5C8BA}.Release|Any CPU.ActiveCfg = Release|Any CPU
		{3D89863F-3489-4B75-B5D4-82F67FB5C8BA}.Release|Any CPU.Build.0 = Release|Any CPU
		{4CC60F83-AF21-4EEA-AFF4-E14901303AC1}.Debug|Any CPU.ActiveCfg = Debug|Any CPU
		{4CC60F83-AF21-4EEA-AFF4-E14901303AC1}.Debug|Any CPU.Build.0 = Debug|Any CPU
		{4CC60F83-AF21-4EEA-AFF4-E14901303AC1}.Release|Any CPU.ActiveCfg = Release|Any CPU
		{4CC60F83-AF21-4EEA-AFF4-E14901303AC1}.Release|Any CPU.Build.0 = Release|Any CPU
		{7A5BDA54-997F-448B-8E8B-D11445014DF3}.Debug|Any CPU.ActiveCfg = Debug|Any CPU
		{7A5BDA54-997F-448B-8E8B-D11445014DF3}.Debug|Any CPU.Build.0 = Debug|Any CPU
		{7A5BDA54-997F-448B-8E8B-D11445014DF3}.Release|Any CPU.ActiveCfg = Release|Any CPU
		{7A5BDA54-997F-448B-8E8B-D11445014DF3}.Release|Any CPU.Build.0 = Release|Any CPU
		{8AFA794B-A070-4F61-9942-626EB7EB0BE5}.Debug|Any CPU.ActiveCfg = Debug|Any CPU
		{8AFA794B-A070-4F61-9942-626EB7EB0BE5}.Debug|Any CPU.Build.0 = Debug|Any CPU
		{8AFA794B-A070-4F61-9942-626EB7EB0BE5}.Release|Any CPU.ActiveCfg = Release|Any CPU
		{8AFA794B-A070-4F61-9942-626EB7EB0BE5}.Release|Any CPU.Build.0 = Release|Any CPU
		{5D54E8BC-8619-4B5A-9AFA-8346D032FFCB}.Debug|Any CPU.ActiveCfg = Debug|Any CPU
		{5D54E8BC-8619-4B5A-9AFA-8346D032FFCB}.Debug|Any CPU.Build.0 = Debug|Any CPU
		{5D54E8BC-8619-4B5A-9AFA-8346D032FFCB}.Release|Any CPU.ActiveCfg = Release|Any CPU
		{5D54E8BC-8619-4B5A-9AFA-8346D032FFCB}.Release|Any CPU.Build.0 = Release|Any CPU
		{3CA06F60-B112-422B-99AB-FF6F3A1C6F1E}.Debug|Any CPU.ActiveCfg = Debug|Any CPU
		{3CA06F60-B112-422B-99AB-FF6F3A1C6F1E}.Debug|Any CPU.Build.0 = Debug|Any CPU
		{3CA06F60-B112-422B-99AB-FF6F3A1C6F1E}.Release|Any CPU.ActiveCfg = Release|Any CPU
		{3CA06F60-B112-422B-99AB-FF6F3A1C6F1E}.Release|Any CPU.Build.0 = Release|Any CPU
		{BC403109-F43F-48EC-A4FC-68D647C2F5B4}.Debug|Any CPU.ActiveCfg = Debug|Any CPU
		{BC403109-F43F-48EC-A4FC-68D647C2F5B4}.Debug|Any CPU.Build.0 = Debug|Any CPU
		{BC403109-F43F-48EC-A4FC-68D647C2F5B4}.Release|Any CPU.ActiveCfg = Release|Any CPU
		{BC403109-F43F-48EC-A4FC-68D647C2F5B4}.Release|Any CPU.Build.0 = Release|Any CPU
		{49CA5C17-9F0E-4D26-A4B4-C284A7FFCD09}.Debug|Any CPU.ActiveCfg = Debug|Any CPU
		{49CA5C17-9F0E-4D26-A4B4-C284A7FFCD09}.Debug|Any CPU.Build.0 = Debug|Any CPU
		{49CA5C17-9F0E-4D26-A4B4-C284A7FFCD09}.Release|Any CPU.ActiveCfg = Release|Any CPU
		{49CA5C17-9F0E-4D26-A4B4-C284A7FFCD09}.Release|Any CPU.Build.0 = Release|Any CPU
		{5585D746-E799-4B1A-8E70-9C44B88760AD}.Debug|Any CPU.ActiveCfg = Debug|Any CPU
		{5585D746-E799-4B1A-8E70-9C44B88760AD}.Debug|Any CPU.Build.0 = Debug|Any CPU
		{5585D746-E799-4B1A-8E70-9C44B88760AD}.Release|Any CPU.ActiveCfg = Release|Any CPU
		{5585D746-E799-4B1A-8E70-9C44B88760AD}.Release|Any CPU.Build.0 = Release|Any CPU
		{41261495-4F9F-40A3-B616-917E5413FFD1}.Debug|Any CPU.ActiveCfg = Debug|Any CPU
		{41261495-4F9F-40A3-B616-917E5413FFD1}.Debug|Any CPU.Build.0 = Debug|Any CPU
		{41261495-4F9F-40A3-B616-917E5413FFD1}.Release|Any CPU.ActiveCfg = Release|Any CPU
		{41261495-4F9F-40A3-B616-917E5413FFD1}.Release|Any CPU.Build.0 = Release|Any CPU
		{8A13662A-9DFC-4DBD-968C-3983CE2B482F}.Debug|Any CPU.ActiveCfg = Debug|Any CPU
		{8A13662A-9DFC-4DBD-968C-3983CE2B482F}.Debug|Any CPU.Build.0 = Debug|Any CPU
		{8A13662A-9DFC-4DBD-968C-3983CE2B482F}.Release|Any CPU.ActiveCfg = Release|Any CPU
		{8A13662A-9DFC-4DBD-968C-3983CE2B482F}.Release|Any CPU.Build.0 = Release|Any CPU
	EndGlobalSection
	GlobalSection(SolutionProperties) = preSolution
		HideSolutionNode = FALSE
	EndGlobalSection
	GlobalSection(NestedProjects) = preSolution
		{F8491961-099E-4CD0-A0F1-35ADDBF3B3C2} = {02EA681E-C7D8-13C7-8484-4AC65E1B71E8}
		{86B24A16-E2E5-4D80-901B-50B5A6938845} = {98FE8D92-8BB1-4E6C-B9BD-B8C22A7CEE2E}
		{5A3E1CFF-0FE0-4F06-83E0-1876C570ED74} = {969C3CFB-DAB7-4558-A1BB-B7BF26D0A810}
		{3D89863F-3489-4B75-B5D4-82F67FB5C8BA} = {969C3CFB-DAB7-4558-A1BB-B7BF26D0A810}
		{4CC60F83-AF21-4EEA-AFF4-E14901303AC1} = {969C3CFB-DAB7-4558-A1BB-B7BF26D0A810}
		{7A5BDA54-997F-448B-8E8B-D11445014DF3} = {B1E2F58F-64AE-4817-AC79-3CE8580F48C4}
		{8AFA794B-A070-4F61-9942-626EB7EB0BE5} = {B1E2F58F-64AE-4817-AC79-3CE8580F48C4}
		{5D54E8BC-8619-4B5A-9AFA-8346D032FFCB} = {B1E2F58F-64AE-4817-AC79-3CE8580F48C4}
		{3CA06F60-B112-422B-99AB-FF6F3A1C6F1E} = {B25C7E54-39BA-4262-AE3E-F2FC8260C59C}
		{BC403109-F43F-48EC-A4FC-68D647C2F5B4} = {B25C7E54-39BA-4262-AE3E-F2FC8260C59C}
		{49CA5C17-9F0E-4D26-A4B4-C284A7FFCD09} = {B25C7E54-39BA-4262-AE3E-F2FC8260C59C}
		{5585D746-E799-4B1A-8E70-9C44B88760AD} = {09B090B5-3041-4739-B3C5-AD3C5A5CE466}
		{41261495-4F9F-40A3-B616-917E5413FFD1} = {09B090B5-3041-4739-B3C5-AD3C5A5CE466}
		{8A13662A-9DFC-4DBD-968C-3983CE2B482F} = {09B090B5-3041-4739-B3C5-AD3C5A5CE466}
	EndGlobalSection
	GlobalSection(ExtensibilityGlobals) = postSolution
		SolutionGuid = {8E2605C3-96E4-40E0-BB16-17DDDB3F77A9}
	EndGlobalSection
EndGlobal
